lockfileVersion: '6.0'

settings:
  autoInstallPeers: true
  excludeLinksFromLockfile: false

dependencies:
  dotenv:
    specifier: ^16.0.3
    version: 16.0.3

devDependencies:
  '@playwright/test':
    specifier: ^1.37.1
    version: 1.37.1
  '@types/node':
    specifier: ^24.0.0
    version: 24.13.2

packages:

  /@playwright/test@1.37.1:
    resolution: {integrity: sha512-bq9zTli3vWJo8S3LwB91U0qDNQDpEXnw7knhxLM0nwDvexQAwx9tO8iKDZSqqneVq+URd/WIoz+BALMqUTgdSg==}
    engines: {node: '>=16'}
    hasBin: true
    dependencies:
      '@types/node': 24.13.2
      playwright-core: 1.37.1
    optionalDependencies:
      fsevents: 2.3.2
    dev: true

  /@types/node@24.13.2:
    resolution: {integrity: sha512-fRa09kZTgu8o71KFcDjUFuc7F+dEbZYZmkI0mg5YBTRs0yMKjYHsq/c0urDKeDb+D5qVgXOdFcuu+DZPKOITwA==}
    dependencies:
      undici-types: 7.18.2
    dev: true

  /dotenv@16.0.3:
    resolution: {integrity: sha512-7GO6HghkA5fYG9TYnNxi14/7K9f5occMlp3zXAuSxn7CKCxt9xbNWG7yF8hTCSUchlfWSe3uLmlPfigevRItzQ==}
    engines: {node: '>=12'}
    dev: false

  /fsevents@2.3.2:
    resolution: {integrity: sha512-xiqMQR4xAeHTuB9uWm+fFRcIOgKBMiOBP+eXiyT7jsgVCq1bkVygt00oASowB7EdtpOHaaPgKt812P9ab+DDKA==}
    engines: {node: ^8.16.0 || ^10.6.0 || >=11.0.0}
    os: [darwin]
    requiresBuild: true
    dev: true
    optional: true

  /playwright-core@1.37.1:
    resolution: {integrity: sha512-17EuQxlSIYCmEMwzMqusJ2ztDgJePjrbttaefgdsiqeLWidjYz9BxXaTaZWxH1J95SHGk6tjE+dwgWILJoUZfA==}
    engines: {node: '>=16'}
    hasBin: true
    dev: true

  /undici-types@7.18.2:
    resolution: {integrity: sha512-AsuCzffGHJybSaRrmr5eHr81mwJU3kjw6M+uprWvCXiNeN9SOGwQ3Jn8jb8m3Z6izVgknn1R0FTCEAP2QrLY/w==}
    dev: true
